PODS:
  - FlutterMacOS (1.0.0)
  - speechwarp (0.3.0):
    - FlutterMacOS

DEPENDENCIES:
  - FlutterMacOS (from `Flutter/ephemeral`)
  - speechwarp (from `Flutter/ephemeral/.symlinks/plugins/speechwarp/macos`)

EXTERNAL SOURCES:
  FlutterMacOS:
    :path: Flutter/ephemeral
  speechwarp:
    :path: Flutter/ephemeral/.symlinks/plugins/speechwarp/macos

SPEC CHECKSUMS:
  FlutterMacOS: c232990155153907050900a2e175c7773903ba4e
  speechwarp: e17a80676b30a639f6e5e97ad675be4af9af51e1

PODFILE CHECKSUM: 1e95c36afbfd1cb6423ceca4de7a8e1b256fb6ac

COCOAPODS: 1.16.2
